// !$*UTF8*$!
{
	archiveVersion = 1;
	classes = {
	};
	objectVersion = 56;
	objects = {

/* Begin PBXBuildFile section */
		00224B092BE3290200205F6C /* MapView.swift in Sources */ = {isa = PBXBuildFile; fileRef = 00224B082BE3290200205F6C /* MapView.swift */; };
		00224B0C2BE3295D00205F6C /* ContentView.swift in Sources */ = {isa = PBXBuildFile; fileRef = 00224B0B2BE3295D00205F6C /* ContentView.swift */; };
		00224B0E2BE3297B00205F6C /* CircleImage.swift in Sources */ = {isa = PBXBuildFile; fileRef = 00224B0D2BE3297B00205F6C /* CircleImage.swift */; };
		00224B102BE32A0B00205F6C /* LandmarkRow.swift in Sources */ = {isa = PBXBuildFile; fileRef = 00224B0F2BE32A0B00205F6C /* LandmarkRow.swift */; };
		00224B122BE32EDF00205F6C /* LandmarkList.swift in Sources */ = {isa = PBXBuildFile; fileRef = 00224B112BE32EDF00205F6C /* LandmarkList.swift */; };
		00224B142BE3334500205F6C /* LandmarkDetail.swift in Sources */ = {isa = PBXBuildFile; fileRef = 00224B132BE3334500205F6C /* LandmarkDetail.swift */; };
		008997112BE10BB8008BB737 /* landmarkData.json in Resources */ = {isa = PBXBuildFile; fileRef = 008997102BE10BB7008BB737 /* landmarkData.json */; };
		008997132BE10C06008BB737 /* Landmark.swift in Sources */ = {isa = PBXBuildFile; fileRef = 008997122BE10C06008BB737 /* Landmark.swift */; };
		008997152BE113B4008BB737 /* ModelData.swift in Sources */ = {isa = PBXBuildFile; fileRef = 008997142BE113B4008BB737 /* ModelData.swift */; };
		0089971D2BE11AFF008BB737 /* CircleImage.swift in Sources */ = {isa = PBXBuildFile; fileRef = 008997192BE11AFF008BB737 /* CircleImage.swift */; };
		0089971E2BE11AFF008BB737 /* ContentView.swift in Sources */ = {isa = PBXBuildFile; fileRef = 0089971A2BE11AFF008BB737 /* ContentView.swift */; };
		0089971F2BE11AFF008BB737 /* MapView.swift in Sources */ = {isa = PBXBuildFile; fileRef = 0089971B2BE11AFF008BB737 /* MapView.swift */; };
		00AA0CFA2BEEA0A400AB8D1A /* FavoriteButton.swift in Sources */ = {isa = PBXBuildFile; fileRef = 00AA0CF92BEEA0A400AB8D1A /* FavoriteButton.swift */; };
		00DC93D02BBD4AF0005CDD63 /* LandmarksApp.swift in Sources */ = {isa = PBXBuildFile; fileRef = 00DC93CF2BBD4AF0005CDD63 /* LandmarksApp.swift */; };
		00DC93D42BBD4AF1005CDD63 /* Assets.xcassets in Resources */ = {isa = PBXBuildFile; fileRef = 00DC93D32BBD4AF1005CDD63 /* Assets.xcassets */; };
		00DC93D72BBD4AF1005CDD63 /* Preview Assets.xcassets in Resources */ = {isa = PBXBuildFile; fileRef = 00DC93D62BBD4AF1005CDD63 /* Preview Assets.xcassets */; };
		00DC93E12BBD4AF2005CDD63 /* LandmarksTests.swift in Sources */ = {isa = PBXBuildFile; fileRef = 00DC93E02BBD4AF2005CDD63 /* LandmarksTests.swift */; };
		00DC93EB2BBD4AF2005CDD63 /* LandmarksUITests.swift in Sources */ = {isa = PBXBuildFile; fileRef = 00DC93EA2BBD4AF2005CDD63 /* LandmarksUITests.swift */; };
		00DC93ED2BBD4AF2005CDD63 /* LandmarksUITestsLaunchTests.swift in Sources */ = {isa = PBXBuildFile; fileRef = 00DC93EC2BBD4AF2005CDD63 /* LandmarksUITestsLaunchTests.swift */; };
/* End PBXBuildFile section */

/* Begin PBXContainerItemProxy section */
		00DC93DD2BBD4AF2005CDD63 /* PBXContainerItemProxy */ = {
			isa = PBXContainerItemProxy;
			containerPortal = 00DC93C42BBD4AF0005CDD63 /* Project object */;
			proxyType = 1;
			remoteGlobalIDString = 00DC93CB2BBD4AF0005CDD63;
			remoteInfo = Landmarks;
		};
		00DC93E72BBD4AF2005CDD63 /* PBXContainerItemProxy */ = {
			isa = PBXContainerItemProxy;
			containerPortal = 00DC93C42BBD4AF0005CDD63 /* Project object */;
			proxyType = 1;
			remoteGlobalIDString = 00DC93CB2BBD4AF0005CDD63;
			remoteInfo = Landmarks;
		};
/* End PBXContainerItemProxy section */

/* Begin PBXFileReference section */
		00224B082BE3290200205F6C /* MapView.swift */ = {isa = PBXFileReference; lastKnownFileType = sourcecode.swift; path = MapView.swift; sourceTree = "<group>"; };
		00224B0B2BE3295D00205F6C /* ContentView.swift */ = {isa = PBXFileReference; lastKnownFileType = sourcecode.swift; path = ContentView.swift; sourceTree = "<group>"; };
		00224B0D2BE3297B00205F6C /* CircleImage.swift */ = {isa = PBXFileReference; lastKnownFileType = sourcecode.swift; path = CircleImage.swift; sourceTree = "<group>"; };
		00224B0F2BE32A0B00205F6C /* LandmarkRow.swift */ = {isa = PBXFileReference; lastKnownFileType = sourcecode.swift; path = LandmarkRow.swift; sourceTree = "<group>"; };
		00224B112BE32EDF00205F6C /* LandmarkList.swift */ = {isa = PBXFileReference; lastKnownFileType = sourcecode.swift; path = LandmarkList.swift; sourceTree = "<group>"; };
		00224B132BE3334500205F6C /* LandmarkDetail.swift */ = {isa = PBXFileReference; lastKnownFileType = sourcecode.swift; path = LandmarkDetail.swift; sourceTree = "<group>"; };
		008997102BE10BB7008BB737 /* landmarkData.json */ = {isa = PBXFileReference; fileEncoding = 4; lastKnownFileType = text.json; path = landmarkData.json; sourceTree = "<group>"; };
		008997122BE10C06008BB737 /* Landmark.swift */ = {isa = PBXFileReference; lastKnownFileType = sourcecode.swift; path = Landmark.swift; sourceTree = "<group>"; };
		008997142BE113B4008BB737 /* ModelData.swift */ = {isa = PBXFileReference; lastKnownFileType = sourcecode.swift; path = ModelData.swift; sourceTree = "<group>"; };
		008997192BE11AFF008BB737 /* CircleImage.swift */ = {isa = PBXFileReference; fileEncoding = 4; lastKnownFileType = sourcecode.swift; path = CircleImage.swift; sourceTree = "<group>"; };
		0089971A2BE11AFF008BB737 /* ContentView.swift */ = {isa = PBXFileReference; fileEncoding = 4; lastKnownFileType = sourcecode.swift; path = ContentView.swift; sourceTree = "<group>"; };
		0089971B2BE11AFF008BB737 /* MapView.swift */ = {isa = PBXFileReference; fileEncoding = 4; lastKnownFileType = sourcecode.swift; path = MapView.swift; sourceTree = "<group>"; };
		00AA0CF92BEEA0A400AB8D1A /* FavoriteButton.swift */ = {isa = PBXFileReference; lastKnownFileType = sourcecode.swift; path = FavoriteButton.swift; sourceTree = "<group>"; };
		00DC93CC2BBD4AF0005CDD63 /* Landmarks.app */ = {isa = PBXFileReference; explicitFileType = wrapper.application; includeInIndex = 0; path = Landmarks.app; sourceTree = BUILT_PRODUCTS_DIR; };
		00DC93CF2BBD4AF0005CDD63 /* LandmarksApp.swift */ = {isa = PBXFileReference; lastKnownFileType = sourcecode.swift; path = LandmarksApp.swift; sourceTree = "<group>"; };
		00DC93D32BBD4AF1005CDD63 /* Assets.xcassets */ = {isa = PBXFileReference; lastKnownFileType = folder.assetcatalog; path = Assets.xcassets; sourceTree = "<group>"; };
		00DC93D62BBD4AF1005CDD63 /* Preview Assets.xcassets */ = {isa = PBXFileReference; lastKnownFileType = folder.assetcatalog; path = "Preview Assets.xcassets"; sourceTree = "<group>"; };
		00DC93DC2BBD4AF2005CDD63 /* LandmarksTests.xctest */ = {isa = PBXFileReference; explicitFileType = wrapper.cfbundle; includeInIndex = 0; path = LandmarksTests.xctest; sourceTree = BUILT_PRODUCTS_DIR; };
		00DC93E02BBD4AF2005CDD63 /* LandmarksTests.swift */ = {isa = PBXFileReference; lastKnownFileType = sourcecode.swift; path = LandmarksTests.swift; sourceTree = "<group>"; };
		00DC93E62BBD4AF2005CDD63 /* LandmarksUITests.xctest */ = {isa = PBXFileReference; explicitFileType = wrapper.cfbundle; includeInIndex = 0; path = LandmarksUITests.xctest; sourceTree = BUILT_PRODUCTS_DIR; };
		00DC93EA2BBD4AF2005CDD63 /* LandmarksUITests.swift */ = {isa = PBXFileReference; lastKnownFileType = sourcecode.swift; path = LandmarksUITests.swift; sourceTree = "<group>"; };
		00DC93EC2BBD4AF2005CDD63 /* LandmarksUITestsLaunchTests.swift */ = {isa = PBXFileReference; lastKnownFileType = sourcecode.swift; path = LandmarksUITestsLaunchTests.swift; sourceTree = "<group>"; };
/* End PBXFileReference section */

/* Begin PBXFrameworksBuildPhase section */
		00DC93C92BBD4AF0005CDD63 /* Frameworks */ = {
			isa = PBXFrameworksBuildPhase;
			buildActionMask = 2147483647;
			files = (
			);
			runOnlyForDeploymentPostprocessing = 0;
		};
		00DC93D92BBD4AF2005CDD63 /* Frameworks */ = {
			isa = PBXFrameworksBuildPhase;
			buildActionMask = 2147483647;
			files = (
			);
			runOnlyForDeploymentPostprocessing = 0;
		};
		00DC93E32BBD4AF2005CDD63 /* Frameworks */ = {
			isa = PBXFrameworksBuildPhase;
			buildActionMask = 2147483647;
			files = (
			);
			runOnlyForDeploymentPostprocessing = 0;
		};
/* End PBXFrameworksBuildPhase section */

/* Begin PBXGroup section */
		00224B0A2BE3292200205F6C /* Views */ = {
			isa = PBXGroup;
			children = (
				00AA0CFC2BEEA3A500AB8D1A /* Landmarks */,
				00AA0CFB2BEEA38300AB8D1A /* Helper */,
				00224B0B2BE3295D00205F6C /* ContentView.swift */,
			);
			path = Views;
			sourceTree = "<group>";
		};
		008997172BE11A5F008BB737 /* Resources */ = {
			isa = PBXGroup;
			children = (
				008997102BE10BB7008BB737 /* landmarkData.json */,
			);
			path = Resources;
			sourceTree = "<group>";
		};
		008997182BE11ACD008BB737 /* Model */ = {
			isa = PBXGroup;
			children = (
				008997122BE10C06008BB737 /* Landmark.swift */,
				008997142BE113B4008BB737 /* ModelData.swift */,
			);
			path = Model;
			sourceTree = "<group>";
		};
		0089971C2BE11AFF008BB737 /* Views */ = {
			isa = PBXGroup;
			children = (
				008997192BE11AFF008BB737 /* CircleImage.swift */,
				0089971A2BE11AFF008BB737 /* ContentView.swift */,
				0089971B2BE11AFF008BB737 /* MapView.swift */,
			);
			name = Views;
			path = LandmarksTests/Views;
			sourceTree = SOURCE_ROOT;
		};
		00AA0CFB2BEEA38300AB8D1A /* Helper */ = {
			isa = PBXGroup;
			children = (
				00AA0CF92BEEA0A400AB8D1A /* FavoriteButton.swift */,
				00224B082BE3290200205F6C /* MapView.swift */,
				00224B0D2BE3297B00205F6C /* CircleImage.swift */,
			);
			path = Helper;
			sourceTree = "<group>";
		};
		00AA0CFC2BEEA3A500AB8D1A /* Landmarks */ = {
			isa = PBXGroup;
			children = (
				00224B132BE3334500205F6C /* LandmarkDetail.swift */,
				00224B112BE32EDF00205F6C /* LandmarkList.swift */,
				00224B0F2BE32A0B00205F6C /* LandmarkRow.swift */,
			);
			path = Landmarks;
			sourceTree = "<group>";
		};
		00DC93C32BBD4AF0005CDD63 = {
			isa = PBXGroup;
			children = (
				00DC93CE2BBD4AF0005CDD63 /* Landmarks */,
				00DC93DF2BBD4AF2005CDD63 /* LandmarksTests */,
				00DC93E92BBD4AF2005CDD63 /* LandmarksUITests */,
				00DC93CD2BBD4AF0005CDD63 /* Products */,
			);
			sourceTree = "<group>";
		};
		00DC93CD2BBD4AF0005CDD63 /* Products */ = {
			isa = PBXGroup;
			children = (
				00DC93CC2BBD4AF0005CDD63 /* Landmarks.app */,
				00DC93DC2BBD4AF2005CDD63 /* LandmarksTests.xctest */,
				00DC93E62BBD4AF2005CDD63 /* LandmarksUITests.xctest */,
			);
			name = Products;
			sourceTree = "<group>";
		};
		00DC93CE2BBD4AF0005CDD63 /* Landmarks */ = {
			isa = PBXGroup;
			children = (
				008997172BE11A5F008BB737 /* Resources */,
				00DC93CF2BBD4AF0005CDD63 /* LandmarksApp.swift */,
				008997182BE11ACD008BB737 /* Model */,
				00DC93D32BBD4AF1005CDD63 /* Assets.xcassets */,
				00DC93D52BBD4AF1005CDD63 /* Preview Content */,
				00224B0A2BE3292200205F6C /* Views */,
			);
			path = Landmarks;
			sourceTree = "<group>";
		};
		00DC93D52BBD4AF1005CDD63 /* Preview Content */ = {
			isa = PBXGroup;
			children = (
				00DC93D62BBD4AF1005CDD63 /* Preview Assets.xcassets */,
			);
			path = "Preview Content";
			sourceTree = "<group>";
		};
		00DC93DF2BBD4AF2005CDD63 /* LandmarksTests */ = {
			isa = PBXGroup;
			children = (
				0089971C2BE11AFF008BB737 /* Views */,
				00DC93E02BBD4AF2005CDD63 /* LandmarksTests.swift */,
			);
			path = LandmarksTests;
			sourceTree = "<group>";
		};
		00DC93E92BBD4AF2005CDD63 /* LandmarksUITests */ = {
			isa = PBXGroup;
			children = (
				00DC93EA2BBD4AF2005CDD63 /* LandmarksUITests.swift */,
				00DC93EC2BBD4AF2005CDD63 /* LandmarksUITestsLaunchTests.swift */,
			);
			path = LandmarksUITests;
			sourceTree = "<group>";
		};
/* End PBXGroup section */

/* Begin PBXNativeTarget section */
		00DC93CB2BBD4AF0005CDD63 /* Landmarks */ = {
			isa = PBXNativeTarget;
			buildConfigurationList = 00DC93F02BBD4AF2005CDD63 /* Build configuration list for PBXNativeTarget "Landmarks" */;
			buildPhases = (
				00DC93C82BBD4AF0005CDD63 /* Sources */,
				00DC93C92BBD4AF0005CDD63 /* Frameworks */,
				00DC93CA2BBD4AF0005CDD63 /* Resources */,
			);
			buildRules = (
			);
			dependencies = (
			);
			name = Landmarks;
			productName = Landmarks;
			productReference = 00DC93CC2BBD4AF0005CDD63 /* Landmarks.app */;
			productType = "com.apple.product-type.application";
		};
		00DC93DB2BBD4AF2005CDD63 /* LandmarksTests */ = {
			isa = PBXNativeTarget;
			buildConfigurationList = 00DC93F32BBD4AF2005CDD63 /* Build configuration list for PBXNativeTarget "LandmarksTests" */;
			buildPhases = (
				00DC93D82BBD4AF2005CDD63 /* Sources */,
				00DC93D92BBD4AF2005CDD63 /* Frameworks */,
				00DC93DA2BBD4AF2005CDD63 /* Resources */,
			);
			buildRules = (
			);
			dependencies = (
				00DC93DE2BBD4AF2005CDD63 /* PBXTargetDependency */,
			);
			name = LandmarksTests;
			productName = LandmarksTests;
			productReference = 00DC93DC2BBD4AF2005CDD63 /* LandmarksTests.xctest */;
			productType = "com.apple.product-type.bundle.unit-test";
		};
		00DC93E52BBD4AF2005CDD63 /* LandmarksUITests */ = {
			isa = PBXNativeTarget;
			buildConfigurationList = 00DC93F62BBD4AF2005CDD63 /* Build configuration list for PBXNativeTarget "LandmarksUITests" */;
			buildPhases = (
				00DC93E22BBD4AF2005CDD63 /* Sources */,
				00DC93E32BBD4AF2005CDD63 /* Frameworks */,
				00DC93E42BBD4AF2005CDD63 /* Resources */,
			);
			buildRules = (
			);
			dependencies = (
				00DC93E82BBD4AF2005CDD63 /* PBXTargetDependency */,
			);
			name = LandmarksUITests;
			productName = LandmarksUITests;
			productReference = 00DC93E62BBD4AF2005CDD63 /* LandmarksUITests.xctest */;
			productType = "com.apple.product-type.bundle.ui-testing";
		};
/* End PBXNativeTarget section */

/* Begin PBXProject section */
		00DC93C42BBD4AF0005CDD63 /* Project object */ = {
			isa = PBXProject;
			attributes = {
				BuildIndependentTargetsInParallel = 1;
				LastSwiftUpdateCheck = 1530;
				LastUpgradeCheck = 1530;
				TargetAttributes = {
					00DC93CB2BBD4AF0005CDD63 = {
						CreatedOnToolsVersion = 15.3;
					};
					00DC93DB2BBD4AF2005CDD63 = {
						CreatedOnToolsVersion = 15.3;
						TestTargetID = 00DC93CB2BBD4AF0005CDD63;
					};
					00DC93E52BBD4AF2005CDD63 = {
						CreatedOnToolsVersion = 15.3;
						TestTargetID = 00DC93CB2BBD4AF0005CDD63;
					};
				};
			};
			buildConfigurationList = 00DC93C72BBD4AF0005CDD63 /* Build configuration list for PBXProject "Landmarks" */;
			compatibilityVersion = "Xcode 14.0";
			developmentRegion = en;
			hasScannedForEncodings = 0;
			knownRegions = (
				en,
				Base,
			);
			mainGroup = 00DC93C32BBD4AF0005CDD63;
			productRefGroup = 00DC93CD2BBD4AF0005CDD63 /* Products */;
			projectDirPath = "";
			projectRoot = "";
			targets = (
				00DC93CB2BBD4AF0005CDD63 /* Landmarks */,
				00DC93DB2BBD4AF2005CDD63 /* LandmarksTests */,
				00DC93E52BBD4AF2005CDD63 /* LandmarksUITests */,
			);
		};
/* End PBXProject section */

/* Begin PBXResourcesBuildPhase section */
		00DC93CA2BBD4AF0005CDD63 /* Resources */ = {
			isa = PBXResourcesBuildPhase;
			buildActionMask = 2147483647;
			files = (
				00DC93D72BBD4AF1005CDD63 /* Preview Assets.xcassets in Resources */,
				00DC93D42BBD4AF1005CDD63 /* Assets.xcassets in Resources */,
				008997112BE10BB8008BB737 /* landmarkData.json in Resources */,
			);
			runOnlyForDeploymentPostprocessing = 0;
		};
		00DC93DA2BBD4AF2005CDD63 /* Resources */ = {
			isa = PBXResourcesBuildPhase;
			buildActionMask = 2147483647;
			files = (
			);
			runOnlyForDeploymentPostprocessing = 0;
		};
		00DC93E42BBD4AF2005CDD63 /* Resources */ = {
			isa = PBXResourcesBuildPhase;
			buildActionMask = 2147483647;
			files = (
			);
			runOnlyForDeploymentPostprocessing = 0;
		};
/* End PBXResourcesBuildPhase section */

/* Begin PBXSourcesBuildPhase section */
		00DC93C82BBD4AF0005CDD63 /* Sources */ = {
			isa = PBXSourcesBuildPhase;
			buildActionMask = 2147483647;
			files = (
				00DC93D02BBD4AF0005CDD63 /* LandmarksApp.swift in Sources */,
				00224B0C2BE3295D00205F6C /* ContentView.swift in Sources */,
				00224B092BE3290200205F6C /* MapView.swift in Sources */,
				00AA0CFA2BEEA0A400AB8D1A /* FavoriteButton.swift in Sources */,
				00224B122BE32EDF00205F6C /* LandmarkList.swift in Sources */,
				00224B142BE3334500205F6C /* LandmarkDetail.swift in Sources */,
				008997132BE10C06008BB737 /* Landmark.swift in Sources */,
				008997152BE113B4008BB737 /* ModelData.swift in Sources */,
				00224B102BE32A0B00205F6C /* LandmarkRow.swift in Sources */,
				00224B0E2BE3297B00205F6C /* CircleImage.swift in Sources */,
			);
			runOnlyForDeploymentPostprocessing = 0;
		};
		00DC93D82BBD4AF2005CDD63 /* Sources */ = {
			isa = PBXSourcesBuildPhase;
			buildActionMask = 2147483647;
			files = (
				00DC93E12BBD4AF2005CDD63 /* LandmarksTests.swift in Sources */,
			);
			runOnlyForDeploymentPostprocessing = 0;
		};
		00DC93E22BBD4AF2005CDD63 /* Sources */ = {
			isa = PBXSourcesBuildPhase;
			buildActionMask = 2147483647;
			files = (
				00DC93ED2BBD4AF2005CDD63 /* LandmarksUITestsLaunchTests.swift in Sources */,
				00DC93EB2BBD4AF2005CDD63 /* LandmarksUITests.swift in Sources */,
				0089971F2BE11AFF008BB737 /* MapView.swift in Sources */,
				0089971E2BE11AFF008BB737 /* ContentView.swift in Sources */,
				0089971D2BE11AFF008BB737 /* CircleImage.swift in Sources */,
			);
			runOnlyForDeploymentPostprocessing = 0;
		};
/* End PBXSourcesBuildPhase section */

/* Begin PBXTargetDependency section */
		00DC93DE2BBD4AF2005CDD63 /* PBXTargetDependency */ = {
			isa = PBXTargetDependency;
			target = 00DC93CB2BBD4AF0005CDD63 /* Landmarks */;
			targetProxy = 00DC93DD2BBD4AF2005CDD63 /* PBXContainerItemProxy */;
		};
		00DC93E82BBD4AF2005CDD63 /* PBXTargetDependency */ = {
			isa = PBXTargetDependency;
			target = 00DC93CB2BBD4AF0005CDD63 /* Landmarks */;
			targetProxy = 00DC93E72BBD4AF2005CDD63 /* PBXContainerItemProxy */;
		};
/* End PBXTargetDependency section */

/* Begin XCBuildConfiguration section */
		00DC93EE2BBD4AF2005CDD63 /* Debug */ = {
			isa = XCBuildConfiguration;
			buildSettings = {
				ALWAYS_SEARCH_USER_PATHS = NO;
				ASSETCATALOG_COMPILER_GENERATE_SWIFT_ASSET_SYMBOL_EXTENSIONS = YES;
				CLANG_ANALYZER_NONNULL = YES;
				CLANG_ANALYZER_NUMBER_OBJECT_CONVERSION = YES_AGGRESSIVE;
				CLANG_CXX_LANGUAGE_STANDARD = "gnu++20";
				CLANG_ENABLE_MODULES = YES;
				CLANG_ENABLE_OBJC_ARC = YES;
				CLANG_ENABLE_OBJC_WEAK = YES;
				CLANG_WARN_BLOCK_CAPTURE_AUTORELEASING = YES;
				CLANG_WARN_BOOL_CONVERSION = YES;
				CLANG_WARN_COMMA = YES;
				CLANG_WARN_CONSTANT_CONVERSION = YES;
				CLANG_WARN_DEPRECATED_OBJC_IMPLEMENTATIONS = YES;
				CLANG_WARN_DIRECT_OBJC_ISA_USAGE = YES_ERROR;
				CLANG_WARN_DOCUMENTATION_COMMENTS = YES;
				CLANG_WARN_EMPTY_BODY = YES;
				CLANG_WARN_ENUM_CONVERSION = YES;
				CLANG_WARN_INFINITE_RECURSION = YES;
				CLANG_WARN_INT_CONVERSION = YES;
				CLANG_WARN_NON_LITERAL_NULL_CONVERSION = YES;
				CLANG_WARN_OBJC_IMPLICIT_RETAIN_SELF = YES;
				CLANG_WARN_OBJC_LITERAL_CONVERSION = YES;
				CLANG_WARN_OBJC_ROOT_CLASS = YES_ERROR;
				CLANG_WARN_QUOTED_INCLUDE_IN_FRAMEWORK_HEADER = YES;
				CLANG_WARN_RANGE_LOOP_ANALYSIS = YES;
				CLANG_WARN_STRICT_PROTOTYPES = YES;
				CLANG_WARN_SUSPICIOUS_MOVE = YES;
				CLANG_WARN_UNGUARDED_AVAILABILITY = YES_AGGRESSIVE;
				CLANG_WARN_UNREACHABLE_CODE = YES;
				CLANG_WARN__DUPLICATE_METHOD_MATCH = YES;
				COPY_PHASE_STRIP = NO;
				DEBUG_INFORMATION_FORMAT = dwarf;
				ENABLE_STRICT_OBJC_MSGSEND = YES;
				ENABLE_TESTABILITY = YES;
				ENABLE_USER_SCRIPT_SANDBOXING = YES;
				GCC_C_LANGUAGE_STANDARD = gnu17;
				GCC_DYNAMIC_NO_PIC = NO;
				GCC_NO_COMMON_BLOCKS = YES;
				GCC_OPTIMIZATION_LEVEL = 0;
				GCC_PREPROCESSOR_DEFINITIONS = (
					"DEBUG=1",
					"$(inherited)",
				);
				GCC_WARN_64_TO_32_BIT_CONVERSION = YES;
				GCC_WARN_ABOUT_RETURN_TYPE = YES_ERROR;
				GCC_WARN_UNDECLARED_SELECTOR = YES;
				GCC_WARN_UNINITIALIZED_AUTOS = YES_AGGRESSIVE;
				GCC_WARN_UNUSED_FUNCTION = YES;
				GCC_WARN_UNUSED_VARIABLE = YES;
				IPHONEOS_DEPLOYMENT_TARGET = 17.4;
				LOCALIZATION_PREFERS_STRING_CATALOGS = YES;
				MTL_ENABLE_DEBUG_INFO = INCLUDE_SOURCE;
				MTL_FAST_MATH = YES;
				ONLY_ACTIVE_ARCH = YES;
				SDKROOT = iphoneos;
				SWIFT_ACTIVE_COMPILATION_CONDITIONS = "DEBUG $(inherited)";
				SWIFT_OPTIMIZATION_LEVEL = "-Onone";
			};
			name = Debug;
		};
		00DC93EF2BBD4AF2005CDD63 /* Release */ = {
			isa = XCBuildConfiguration;
			buildSettings = {
				ALWAYS_SEARCH_USER_PATHS = NO;
				ASSETCATALOG_COMPILER_GENERATE_SWIFT_ASSET_SYMBOL_EXTENSIONS = YES;
				CLANG_ANALYZER_NONNULL = YES;
				CLANG_ANALYZER_NUMBER_OBJECT_CONVERSION = YES_AGGRESSIVE;
				CLANG_CXX_LANGUAGE_STANDARD = "gnu++20";
				CLANG_ENABLE_MODULES = YES;
				CLANG_ENABLE_OBJC_ARC = YES;
				CLANG_ENABLE_OBJC_WEAK = YES;
				CLANG_WARN_BLOCK_CAPTURE_AUTORELEASING = YES;
				CLANG_WARN_BOOL_CONVERSION = YES;
				CLANG_WARN_COMMA = YES;
				CLANG_WARN_CONSTANT_CONVERSION = YES;
				CLANG_WARN_DEPRECATED_OBJC_IMPLEMENTATIONS = YES;
				CLANG_WARN_DIRECT_OBJC_ISA_USAGE = YES_ERROR;
				CLANG_WARN_DOCUMENTATION_COMMENTS = YES;
				CLANG_WARN_EMPTY_BODY = YES;
				CLANG_WARN_ENUM_CONVERSION = YES;
				CLANG_WARN_INFINITE_RECURSION = YES;
				CLANG_WARN_INT_CONVERSION = YES;
				CLANG_WARN_NON_LITERAL_NULL_CONVERSION = YES;
				CLANG_WARN_OBJC_IMPLICIT_RETAIN_SELF = YES;
				CLANG_WARN_OBJC_LITERAL_CONVERSION = YES;
				CLANG_WARN_OBJC_ROOT_CLASS = YES_ERROR;
				CLANG_WARN_QUOTED_INCLUDE_IN_FRAMEWORK_HEADER = YES;
				CLANG_WARN_RANGE_LOOP_ANALYSIS = YES;
				CLANG_WARN_STRICT_PROTOTYPES = YES;
				CLANG_WARN_SUSPICIOUS_MOVE = YES;
				CLANG_WARN_UNGUARDED_AVAILABILITY = YES_AGGRESSIVE;
				CLANG_WARN_UNREACHABLE_CODE = YES;
				CLANG_WARN__DUPLICATE_METHOD_MATCH = YES;
				COPY_PHASE_STRIP = NO;
				DEBUG_INFORMATION_FORMAT = "dwarf-with-dsym";
				ENABLE_NS_ASSERTIONS = NO;
				ENABLE_STRICT_OBJC_MSGSEND = YES;
				ENABLE_USER_SCRIPT_SANDBOXING = YES;
				GCC_C_LANGUAGE_STANDARD = gnu17;
				GCC_NO_COMMON_BLOCKS = YES;
				GCC_WARN_64_TO_32_BIT_CONVERSION = YES;
				GCC_WARN_ABOUT_RETURN_TYPE = YES_ERROR;
				GCC_WARN_UNDECLARED_SELECTOR = YES;
				GCC_WARN_UNINITIALIZED_AUTOS = YES_AGGRESSIVE;
				GCC_WARN_UNUSED_FUNCTION = YES;
				GCC_WARN_UNUSED_VARIABLE = YES;
				IPHONEOS_DEPLOYMENT_TARGET = 17.4;
				LOCALIZATION_PREFERS_STRING_CATALOGS = YES;
				MTL_ENABLE_DEBUG_INFO = NO;
				MTL_FAST_MATH = YES;
				SDKROOT = iphoneos;
				SWIFT_COMPILATION_MODE = wholemodule;
				VALIDATE_PRODUCT = YES;
			};
			name = Release;
		};
		00DC93F12BBD4AF2005CDD63 /* Debug */ = {
			isa = XCBuildConfiguration;
			buildSettings = {
				ASSETCATALOG_COMPILER_APPICON_NAME = AppIcon;
				ASSETCATALOG_COMPILER_GLOBAL_ACCENT_COLOR_NAME = AccentColor;
				CODE_SIGN_STYLE = Automatic;
				CURRENT_PROJECT_VERSION = 1;
				DEVELOPMENT_ASSET_PATHS = "\"Landmarks/Preview Content\"";
				DEVELOPMENT_TEAM = 4D86239DJ7;
				ENABLE_PREVIEWS = YES;
				GENERATE_INFOPLIST_FILE = YES;
				INFOPLIST_KEY_UIApplicationSceneManifest_Generation = YES;
				INFOPLIST_KEY_UIApplicationSupportsIndirectInputEvents = YES;
				INFOPLIST_KEY_UILaunchScreen_Generation = YES;
				INFOPLIST_KEY_UISupportedInterfaceOrientations_iPad = "UIInterfaceOrientationPortrait UIInterfaceOrientationPortraitUpsideDown UIInterfaceOrientationLandscapeLeft UIInterfaceOrientationLandscapeRight";
				INFOPLIST_KEY_UISupportedInterfaceOrientations_iPhone = "UIInterfaceOrientationPortrait UIInterfaceOrientationLandscapeLeft UIInterfaceOrientationLandscapeRight";
				LD_RUNPATH_SEARCH_PATHS = (
					"$(inherited)",
					"@executable_path/Frameworks",
				);
				MARKETING_VERSION = 1.0;
				PRODUCT_BUNDLE_IDENTIFIER = xyz.everythingthairu.Landmarks;
				PRODUCT_NAME = "$(TARGET_NAME)";
				SWIFT_EMIT_LOC_STRINGS = YES;
				SWIFT_VERSION = 5.0;
				TARGETED_DEVICE_FAMILY = "1,2";
			};
			name = Debug;
		};
		00DC93F22BBD4AF2005CDD63 /* Release */ = {
			isa = XCBuildConfiguration;
			buildSettings = {
				ASSETCATALOG_COMPILER_APPICON_NAME = AppIcon;
				ASSETCATALOG_COMPILER_GLOBAL_ACCENT_COLOR_NAME = AccentColor;
				CODE_SIGN_STYLE = Automatic;
				CURRENT_PROJECT_VERSION = 1;
				DEVELOPMENT_ASSET_PATHS = "\"Landmarks/Preview Content\"";
				DEVELOPMENT_TEAM = 4D86239DJ7;
				ENABLE_PREVIEWS = YES;
				GENERATE_INFOPLIST_FILE = YES;
				INFOPLIST_KEY_UIApplicationSceneManifest_Generation = YES;
				INFOPLIST_KEY_UIApplicationSupportsIndirectInputEvents = YES;
				INFOPLIST_KEY_UILaunchScreen_Generation = YES;
				INFOPLIST_KEY_UISupportedInterfaceOrientations_iPad = "UIInterfaceOrientationPortrait UIInterfaceOrientationPortraitUpsideDown UIInterfaceOrientationLandscapeLeft UIInterfaceOrientationLandscapeRight";
				INFOPLIST_KEY_UISupportedInterfaceOrientations_iPhone = "UIInterfaceOrientationPortrait UIInterfaceOrientationLandscapeLeft UIInterfaceOrientationLandscapeRight";
				LD_RUNPATH_SEARCH_PATHS = (
					"$(inherited)",
					"@executable_path/Frameworks",
				);
				MARKETING_VERSION = 1.0;
				PRODUCT_BUNDLE_IDENTIFIER = xyz.everythingthairu.Landmarks;
				PRODUCT_NAME = "$(TARGET_NAME)";
				SWIFT_EMIT_LOC_STRINGS = YES;
				SWIFT_VERSION = 5.0;
				TARGETED_DEVICE_FAMILY = "1,2";
			};
			name = Release;
		};
		00DC93F42BBD4AF2005CDD63 /* Debug */ = {
			isa = XCBuildConfiguration;
			buildSettings = {
				ALWAYS_EMBED_SWIFT_STANDARD_LIBRARIES = YES;
				BUNDLE_LOADER = "$(TEST_HOST)";
				CODE_SIGN_STYLE = Automatic;
				CURRENT_PROJECT_VERSION = 1;
				DEVELOPMENT_TEAM = 4D86239DJ7;
				GENERATE_INFOPLIST_FILE = YES;
				IPHONEOS_DEPLOYMENT_TARGET = 17.4;
				MARKETING_VERSION = 1.0;
				PRODUCT_BUNDLE_IDENTIFIER = xyz.everythingthairu.LandmarksTests;
				PRODUCT_NAME = "$(TARGET_NAME)";
				SWIFT_EMIT_LOC_STRINGS = NO;
				SWIFT_VERSION = 5.0;
				TARGETED_DEVICE_FAMILY = "1,2";
				TEST_HOST = "$(BUILT_PRODUCTS_DIR)/Landmarks.app/$(BUNDLE_EXECUTABLE_FOLDER_PATH)/Landmarks";
			};
			name = Debug;
		};
		00DC93F52BBD4AF2005CDD63 /* Release */ = {
			isa = XCBuildConfiguration;
			buildSettings = {
				ALWAYS_EMBED_SWIFT_STANDARD_LIBRARIES = YES;
				BUNDLE_LOADER = "$(TEST_HOST)";
				CODE_SIGN_STYLE = Automatic;
				CURRENT_PROJECT_VERSION = 1;
				DEVELOPMENT_TEAM = 4D86239DJ7;
				GENERATE_INFOPLIST_FILE = YES;
				IPHONEOS_DEPLOYMENT_TARGET = 17.4;
				MARKETING_VERSION = 1.0;
				PRODUCT_BUNDLE_IDENTIFIER = xyz.everythingthairu.LandmarksTests;
				PRODUCT_NAME = "$(TARGET_NAME)";
				SWIFT_EMIT_LOC_STRINGS = NO;
				SWIFT_VERSION = 5.0;
				TARGETED_DEVICE_FAMILY = "1,2";
				TEST_HOST = "$(BUILT_PRODUCTS_DIR)/Landmarks.app/$(BUNDLE_EXECUTABLE_FOLDER_PATH)/Landmarks";
			};
			name = Release;
		};
		00DC93F72BBD4AF2005CDD63 /* Debug */ = {
			isa = XCBuildConfiguration;
			buildSettings = {
				ALWAYS_EMBED_SWIFT_STANDARD_LIBRARIES = YES;
				CODE_SIGN_STYLE = Automatic;
				CURRENT_PROJECT_VERSION = 1;
				DEVELOPMENT_TEAM = 4D86239DJ7;
				GENERATE_INFOPLIST_FILE = YES;
				MARKETING_VERSION = 1.0;
				PRODUCT_BUNDLE_IDENTIFIER = xyz.everythingthairu.LandmarksUITests;
				PRODUCT_NAME = "$(TARGET_NAME)";
				SWIFT_EMIT_LOC_STRINGS = NO;
				SWIFT_VERSION = 5.0;
				TARGETED_DEVICE_FAMILY = "1,2";
				TEST_TARGET_NAME = Landmarks;
			};
			name = Debug;
		};
		00DC93F82BBD4AF2005CDD63 /* Release */ = {
			isa = XCBuildConfiguration;
			buildSettings = {
				ALWAYS_EMBED_SWIFT_STANDARD_LIBRARIES = YES;
				CODE_SIGN_STYLE = Automatic;
				CURRENT_PROJECT_VERSION = 1;
				DEVELOPMENT_TEAM = 4D86239DJ7;
				GENERATE_INFOPLIST_FILE = YES;
				MARKETING_VERSION = 1.0;
				PRODUCT_BUNDLE_IDENTIFIER = xyz.everythingthairu.LandmarksUITests;
				PRODUCT_NAME = "$(TARGET_NAME)";
				SWIFT_EMIT_LOC_STRINGS = NO;
				SWIFT_VERSION = 5.0;
				TARGETED_DEVICE_FAMILY = "1,2";
				TEST_TARGET_NAME = Landmarks;
			};
			name = Release;
		};
/* End XCBuildConfiguration section */

/* Begin XCConfigurationList section */
		00DC93C72BBD4AF0005CDD63 /* Build configuration list for PBXProject "Landmarks" */ = {
			isa = XCConfigurationList;
			buildConfigurations = (
				00DC93EE2BBD4AF2005CDD63 /* Debug */,
				00DC93EF2BBD4AF2005CDD63 /* Release */,
			);
			defaultConfigurationIsVisible = 0;
			defaultConfigurationName = Release;
		};
		00DC93F02BBD4AF2005CDD63 /* Build configuration list for PBXNativeTarget "Landmarks" */ = {
			isa = XCConfigurationList;
			buildConfigurations = (
				00DC93F12BBD4AF2005CDD63 /* Debug */,
				00DC93F22BBD4AF2005CDD63 /* Release */,
			);
			defaultConfigurationIsVisible = 0;
			defaultConfigurationName = Release;
		};
		00DC93F32BBD4AF2005CDD63 /* Build configuration list for PBXNativeTarget "LandmarksTests" */ = {
			isa = XCConfigurationList;
			buildConfigurations = (
				00DC93F42BBD4AF2005CDD63 /* Debug */,
				00DC93F52BBD4AF2005CDD63 /* Release */,
			);
			defaultConfigurationIsVisible = 0;
			defaultConfigurationName = Release;
		};
		00DC93F62BBD4AF2005CDD63 /* Build configuration list for PBXNativeTarget "LandmarksUITests" */ = {
			isa = XCConfigurationList;
			buildConfigurations = (
				00DC93F72BBD4AF2005CDD63 /* Debug */,
				00DC93F82BBD4AF2005CDD63 /* Release */,
			);
			defaultConfigurationIsVisible = 0;
			defaultConfigurationName = Release;
		};
/* End XCConfigurationList section */
	};
	rootObject = 00DC93C42BBD4AF0005CDD63 /* Project object */;
}
